
Microsoft Visual Studio Solution File, Format Version 12.00
# Visual Studio Version 16
VisualStudioVersion = 16.0.30309.148
MinimumVisualStudioVersion = 10.0.40219.1
Project("{8BC9CEB8-8B4A-11D0-8D11-00A0C91BC942}") = "Opencv4.5.0Test1", "Opencv4.5.0Test1.vcxproj", "{F9441804-567B-409F-AEF2-45A8A518368D}"
EndProject
Global
	GlobalSection(SolutionConfigurationPlatforms) = preSolution
		Debug|x64 = Debug|x64
		Debug|x86 = Debug|x86
		Release|x64 = Release|x64
		Release|x86 = Release|x86
	EndGlobalSection
	GlobalSection(ProjectConfigurationPlatforms) = postSolution
		{F9441804-567B-409F-AEF2-45A8A518368D}.Debug|x64.ActiveCfg = Debug|x64
		{F9441804-567B-409F-AEF2-45A8A518368D}.Debug|x64.Build.0 = Debug|x64
		{F9441804-567B-409F-AEF2-45A8A518368D}.Debug|x86.ActiveCfg = Debug|Win32
		{F9441804-567B-409F-AEF2-45A8A518368D}.Debug|x86.Build.0 = Debug|Win32
		{F9441804-567B-409F-AEF2-45A8A518368D}.Release|x64.ActiveCfg = Release|x64
		{F9441804-567B-409F-AEF2-45A8A518368D}.Release|x64.Build.0 = Release|x64
		{F9441804-567B-409F-AEF2-45A8A518368D}.Release|x86.ActiveCfg = Release|Win32
		{F9441804-567B-409F-AEF2-45A8A518368D}.Release|x86.Build.0 = Release|Win32
	EndGlobalSection
	GlobalSection(SolutionProperties) = preSolution
		HideSolutionNode = FALSE
	EndGlobalSection
	GlobalSection(ExtensibilityGlobals) = postSolution
		SolutionGuid = {8EDB2D6D-FBAB-4874-90B6-F70A7BC2327A}
	EndGlobalSection
EndGlobal
